
Microsoft Visual Studio Solution File, Format Version 12.00
# Visual Studio 15
Project("{FAE04EC0-301F-11D3-BF4B-00C04F79EFBC}") = "UnityGameFramework.Runtime", "UnityGameFramework.Runtime.csproj", "{1ABAFBE2-9BA9-09A6-ABBC-CAD1D84A7DE0}"
EndProject
Project("{FAE04EC0-301F-11D3-BF4B-00C04F79EFBC}") = "XNodeEditor", "XNodeEditor.csproj", "{EE09D002-8BF2-6476-3CE6-5DD6DF2AA2EE}"
EndProject
Project("{FAE04EC0-301F-11D3-BF4B-00C04F79EFBC}") = "UnityGameFramework.Editor", "UnityGameFramework.Editor.csproj", "{454802C2-2B20-3C93-591E-F3198F83ABF2}"
EndProject
Project("{FAE04EC0-301F-11D3-BF4B-00C04F79EFBC}") = "XNode", "XNode.csproj", "{D24CD527-CE45-7D25-06E5-C576C4FCB81A}"
EndProject
Project("{FAE04EC0-301F-11D3-BF4B-00C04F79EFBC}") = "Assembly-CSharp", "Assembly-CSharp.csproj", "{1C18F070-CAC7-EFD1-757A-C4AA5D09AB65}"
EndProject
Project("{FAE04EC0-301F-11D3-BF4B-00C04F79EFBC}") = "Assembly-CSharp-Editor", "Assembly-CSharp-Editor.csproj", "{9DF756A6-7344-6739-D668-40705267E5F6}"
EndProject
Global
	GlobalSection(SolutionConfigurationPlatforms) = preSolution
		Debug|Any CPU = Debug|Any CPU
		Release|Any CPU = Release|Any CPU
	EndGlobalSection
	GlobalSection(ProjectConfigurationPlatforms) = postSolution
		{1ABAFBE2-9BA9-09A6-ABBC-CAD1D84A7DE0}.Debug|Any CPU.ActiveCfg = Debug|Any CPU
		{1ABAFBE2-9BA9-09A6-ABBC-CAD1D84A7DE0}.Debug|Any CPU.Build.0 = Debug|Any CPU
		{1ABAFBE2-9BA9-09A6-ABBC-CAD1D84A7DE0}.Release|Any CPU.ActiveCfg = Release|Any CPU
		{1ABAFBE2-9BA9-09A6-ABBC-CAD1D84A7DE0}.Release|Any CPU.Build.0 = Release|Any CPU
		{EE09D002-8BF2-6476-3CE6-5DD6DF2AA2EE}.Debug|Any CPU.ActiveCfg = Debug|Any CPU
		{EE09D002-8BF2-6476-3CE6-5DD6DF2AA2EE}.Debug|Any CPU.Build.0 = Debug|Any CPU
		{EE09D002-8BF2-6476-3CE6-5DD6DF2AA2EE}.Release|Any CPU.ActiveCfg = Release|Any CPU
		{EE09D002-8BF2-6476-3CE6-5DD6DF2AA2EE}.Release|Any CPU.Build.0 = Release|Any CPU
		{454802C2-2B20-3C93-591E-F3198F83ABF2}.Debug|Any CPU.ActiveCfg = Debug|Any CPU
		{454802C2-2B20-3C93-591E-F3198F83ABF2}.Debug|Any CPU.Build.0 = Debug|Any CPU
		{454802C2-2B20-3C93-591E-F3198F83ABF2}.Release|Any CPU.ActiveCfg = Release|Any CPU
		{454802C2-2B20-3C93-591E-F3198F83ABF2}.Release|Any CPU.Build.0 = Release|Any CPU
		{D24CD527-CE45-7D25-06E5-C576C4FCB81A}.Debug|Any CPU.ActiveCfg = Debug|Any CPU
		{D24CD527-CE45-7D25-06E5-C576C4FCB81A}.Debug|Any CPU.Build.0 = Debug|Any CPU
		{D24CD527-CE45-7D25-06E5-C576C4FCB81A}.Release|Any CPU.ActiveCfg = Release|Any CPU
		{D24CD527-CE45-7D25-06E5-C576C4FCB81A}.Release|Any CPU.Build.0 = Release|Any CPU
		{1C18F070-CAC7-EFD1-757A-C4AA5D09AB65}.Debug|Any CPU.ActiveCfg = Debug|Any CPU
		{1C18F070-CAC7-EFD1-757A-C4AA5D09AB65}.Debug|Any CPU.Build.0 = Debug|Any CPU
		{1C18F070-CAC7-EFD1-757A-C4AA5D09AB65}.Release|Any CPU.ActiveCfg = Release|Any CPU
		{1C18F070-CAC7-EFD1-757A-C4AA5D09AB65}.Release|Any CPU.Build.0 = Release|Any CPU
		{9DF756A6-7344-6739-D668-40705267E5F6}.Debug|Any CPU.ActiveCfg = Debug|Any CPU
		{9DF756A6-7344-6739-D668-40705267E5F6}.Debug|Any CPU.Build.0 = Debug|Any CPU
		{9DF756A6-7344-6739-D668-40705267E5F6}.Release|Any CPU.ActiveCfg = Release|Any CPU
		{9DF756A6-7344-6739-D668-40705267E5F6}.Release|Any CPU.Build.0 = Release|Any CPU
	EndGlobalSection
	GlobalSection(SolutionProperties) = preSolution
		HideSolutionNode = FALSE
	EndGlobalSection
EndGlobal
